// !$*UTF8*$!
{
	archiveVersion = 1;
	classes = {
	};
	objectVersion = 46;
	objects = {

/* Begin PBXBuildFile section */
		0D0B2B51A5A43974091B865F /* Pods.framework in Frameworks */ = {isa = PBXBuildFile; fileRef = 8D12EE8B1EE73451DAC8A6B3 /* Pods.framework */; };
		3E2F69FD1C76AEF500CF522E /* TweetDetailViewController.swift in Sources */ = {isa = PBXBuildFile; fileRef = 3E2F69FC1C76AEF500CF522E /* TweetDetailViewController.swift */; };
		3E3BF51A1C6EB6A7001F1382 /* TweetsViewController.swift in Sources */ = {isa = PBXBuildFile; fileRef = 3E3BF5191C6EB6A7001F1382 /* TweetsViewController.swift */; };
		3E3BF51D1C6ECF27001F1382 /* TweetsTableViewCell.swift in Sources */ = {isa = PBXBuildFile; fileRef = 3E3BF51C1C6ECF27001F1382 /* TweetsTableViewCell.swift */; };
		3E40F7611C6C4FAB00E68F79 /* TwitterClient.swift in Sources */ = {isa = PBXBuildFile; fileRef = 3E40F7601C6C4FAB00E68F79 /* TwitterClient.swift */; };
		3E40F7641C6C5EE200E68F79 /* User.swift in Sources */ = {isa = PBXBuildFile; fileRef = 3E40F7631C6C5EE200E68F79 /* User.swift */; };
		3E40F7661C6C5EEF00E68F79 /* Tweet.swift in Sources */ = {isa = PBXBuildFile; fileRef = 3E40F7651C6C5EEF00E68F79 /* Tweet.swift */; };
		3ECBD1211C6C4EA60075C5C7 /* AppDelegate.swift in Sources */ = {isa = PBXBuildFile; fileRef = 3ECBD1201C6C4EA60075C5C7 /* AppDelegate.swift */; };
		3ECBD1231C6C4EA60075C5C7 /* ViewController.swift in Sources */ = {isa = PBXBuildFile; fileRef = 3ECBD1221C6C4EA60075C5C7 /* ViewController.swift */; };
		3ECBD1261C6C4EA60075C5C7 /* Main.storyboard in Resources */ = {isa = PBXBuildFile; fileRef = 3ECBD1241C6C4EA60075C5C7 /* Main.storyboard */; };
		3ECBD1281C6C4EA60075C5C7 /* Assets.xcassets in Resources */ = {isa = PBXBuildFile; fileRef = 3ECBD1271C6C4EA60075C5C7 /* Assets.xcassets */; };
		3ECBD12B1C6C4EA60075C5C7 /* LaunchScreen.storyboard in Resources */ = {isa = PBXBuildFile; fileRef = 3ECBD1291C6C4EA60075C5C7 /* LaunchScreen.storyboard */; };
		3EDAACD61C7BEC85008DA270 /* ComposeTweetViewController.swift in Sources */ = {isa = PBXBuildFile; fileRef = 3EDAACD51C7BEC85008DA270 /* ComposeTweetViewController.swift */; };
		3EDAACD81C7BEFD8008DA270 /* ProfilePageViewController.swift in Sources */ = {isa = PBXBuildFile; fileRef = 3EDAACD71C7BEFD8008DA270 /* ProfilePageViewController.swift */; };
/* End PBXBuildFile section */

/* Begin PBXFileReference section */
		11ACE704EEA5698CCD86D529 /* Pods.debug.xcconfig */ = {isa = PBXFileReference; includeInIndex = 1; lastKnownFileType = text.xcconfig; name = Pods.debug.xcconfig; path = "Pods/Target Support Files/Pods/Pods.debug.xcconfig"; sourceTree = "<group>"; };
		3E2F69FC1C76AEF500CF522E /* TweetDetailViewController.swift */ = {isa = PBXFileReference; fileEncoding = 4; lastKnownFileType = sourcecode.swift; path = TweetDetailViewController.swift; sourceTree = "<group>"; };
		3E3BF5191C6EB6A7001F1382 /* TweetsViewController.swift */ = {isa = PBXFileReference; fileEncoding = 4; lastKnownFileType = sourcecode.swift; path = TweetsViewController.swift; sourceTree = "<group>"; };
		3E3BF51C1C6ECF27001F1382 /* TweetsTableViewCell.swift */ = {isa = PBXFileReference; fileEncoding = 4; lastKnownFileType = sourcecode.swift; path = TweetsTableViewCell.swift; sourceTree = "<group>"; };
		3E40F7601C6C4FAB00E68F79 /* TwitterClient.swift */ = {isa = PBXFileReference; fileEncoding = 4; lastKnownFileType = sourcecode.swift; path = TwitterClient.swift; sourceTree = "<group>"; };
		3E40F7631C6C5EE200E68F79 /* User.swift */ = {isa = PBXFileReference; fileEncoding = 4; lastKnownFileType = sourcecode.swift; path = User.swift; sourceTree = "<group>"; };
		3E40F7651C6C5EEF00E68F79 /* Tweet.swift */ = {isa = PBXFileReference; fileEncoding = 4; lastKnownFileType = sourcecode.swift; path = Tweet.swift; sourceTree = "<group>"; };
		3ECBD11D1C6C4EA60075C5C7 /* Twitter.app */ = {isa = PBXFileReference; explicitFileType = wrapper.application; includeInIndex = 0; path = Twitter.app; sourceTree = BUILT_PRODUCTS_DIR; };
		3ECBD1201C6C4EA60075C5C7 /* AppDelegate.swift */ = {isa = PBXFileReference; lastKnownFileType = sourcecode.swift; path = AppDelegate.swift; sourceTree = "<group>"; };
		3ECBD1221C6C4EA60075C5C7 /* ViewController.swift */ = {isa = PBXFileReference; lastKnownFileType = sourcecode.swift; path = ViewController.swift; sourceTree = "<group>"; };
		3ECBD1251C6C4EA60075C5C7 /* Base */ = {isa = PBXFileReference; lastKnownFileType = file.storyboard; name = Base; path = Base.lproj/Main.storyboard; sourceTree = "<group>"; };
		3ECBD1271C6C4EA60075C5C7 /* Assets.xcassets */ = {isa = PBXFileReference; lastKnownFileType = folder.assetcatalog; path = Assets.xcassets; sourceTree = "<group>"; };
		3ECBD12A1C6C4EA60075C5C7 /* Base */ = {isa = PBXFileReference; lastKnownFileType = file.storyboard; name = Base; path = Base.lproj/LaunchScreen.storyboard; sourceTree = "<group>"; };
		3ECBD12C1C6C4EA60075C5C7 /* Info.plist */ = {isa = PBXFileReference; lastKnownFileType = text.plist.xml; path = Info.plist; sourceTree = "<group>"; };
		3EDAACD51C7BEC85008DA270 /* ComposeTweetViewController.swift */ = {isa = PBXFileReference; fileEncoding = 4; lastKnownFileType = sourcecode.swift; path = ComposeTweetViewController.swift; sourceTree = "<group>"; };
		3EDAACD71C7BEFD8008DA270 /* ProfilePageViewController.swift */ = {isa = PBXFileReference; fileEncoding = 4; lastKnownFileType = sourcecode.swift; path = ProfilePageViewController.swift; sourceTree = "<group>"; };
		8D12EE8B1EE73451DAC8A6B3 /* Pods.framework */ = {isa = PBXFileReference; explicitFileType = wrapper.framework; includeInIndex = 0; path = Pods.framework; sourceTree = BUILT_PRODUCTS_DIR; };
		C267F675F53EBBF9AB0EAE4D /* Pods.release.xcconfig */ = {isa = PBXFileReference; includeInIndex = 1; lastKnownFileType = text.xcconfig; name = Pods.release.xcconfig; path = "Pods/Target Support Files/Pods/Pods.release.xcconfig"; sourceTree = "<group>"; };
/* End PBXFileReference section */

/* Begin PBXFrameworksBuildPhase section */
		3ECBD11A1C6C4EA60075C5C7 /* Frameworks */ = {
			isa = PBXFrameworksBuildPhase;
			buildActionMask = 2147483647;
			files = (
				0D0B2B51A5A43974091B865F /* Pods.framework in Frameworks */,
			);
			runOnlyForDeploymentPostprocessing = 0;
		};
/* End PBXFrameworksBuildPhase section */

/* Begin PBXGroup section */
		3E3BF51B1C6ECEDF001F1382 /* Views */ = {
			isa = PBXGroup;
			children = (
				3E3BF51C1C6ECF27001F1382 /* TweetsTableViewCell.swift */,
			);
			name = Views;
			sourceTree = "<group>";
		};
		3E3BF51E1C6ECFEA001F1382 /* ViewControllers */ = {
			isa = PBXGroup;
			children = (
				3ECBD1221C6C4EA60075C5C7 /* ViewController.swift */,
				3E3BF5191C6EB6A7001F1382 /* TweetsViewController.swift */,
				3E2F69FC1C76AEF500CF522E /* TweetDetailViewController.swift */,
				3EDAACD51C7BEC85008DA270 /* ComposeTweetViewController.swift */,
				3EDAACD71C7BEFD8008DA270 /* ProfilePageViewController.swift */,
			);
			name = ViewControllers;
			sourceTree = "<group>";
		};
		3E40F75F1C6C4F9A00E68F79 /* APi */ = {
			isa = PBXGroup;
			children = (
				3E40F7601C6C4FAB00E68F79 /* TwitterClient.swift */,
			);
			name = APi;
			sourceTree = "<group>";
		};
		3E40F7621C6C5EA600E68F79 /* Models */ = {
			isa = PBXGroup;
			children = (
				3E40F7631C6C5EE200E68F79 /* User.swift */,
				3E40F7651C6C5EEF00E68F79 /* Tweet.swift */,
			);
			name = Models;
			sourceTree = "<group>";
		};
		3ECBD1141C6C4EA60075C5C7 = {
			isa = PBXGroup;
			children = (
				3ECBD11F1C6C4EA60075C5C7 /* Twitter */,
				3ECBD11E1C6C4EA60075C5C7 /* Products */,
				F6FEF29587927096F7AED0EA /* Pods */,
				925759F78C79D09CDC5541D3 /* Frameworks */,
			);
			sourceTree = "<group>";
		};
		3ECBD11E1C6C4EA60075C5C7 /* Products */ = {
			isa = PBXGroup;
			children = (
				3ECBD11D1C6C4EA60075C5C7 /* Twitter.app */,
			);
			name = Products;
			sourceTree = "<group>";
		};
		3ECBD11F1C6C4EA60075C5C7 /* Twitter */ = {
			isa = PBXGroup;
			children = (
				3E3BF51E1C6ECFEA001F1382 /* ViewControllers */,
				3E3BF51B1C6ECEDF001F1382 /* Views */,
				3E40F75F1C6C4F9A00E68F79 /* APi */,
				3E40F7621C6C5EA600E68F79 /* Models */,
				3ECBD1201C6C4EA60075C5C7 /* AppDelegate.swift */,
				3ECBD1241C6C4EA60075C5C7 /* Main.storyboard */,
				3ECBD1271C6C4EA60075C5C7 /* Assets.xcassets */,
				3ECBD1291C6C4EA60075C5C7 /* LaunchScreen.storyboard */,
				3ECBD12C1C6C4EA60075C5C7 /* Info.plist */,
			);
			path = Twitter;
			sourceTree = "<group>";
		};
		925759F78C79D09CDC5541D3 /* Frameworks */ = {
			isa = PBXGroup;
			children = (
				8D12EE8B1EE73451DAC8A6B3 /* Pods.framework */,
			);
			name = Frameworks;
			sourceTree = "<group>";
		};
		F6FEF29587927096F7AED0EA /* Pods */ = {
			isa = PBXGroup;
			children = (
				11ACE704EEA5698CCD86D529 /* Pods.debug.xcconfig */,
				C267F675F53EBBF9AB0EAE4D /* Pods.release.xcconfig */,
			);
			name = Pods;
			sourceTree = "<group>";
		};
/* End PBXGroup section */

/* Begin PBXNativeTarget section */
		3ECBD11C1C6C4EA60075C5C7 /* Twitter */ = {
			isa = PBXNativeTarget;
			buildConfigurationList = 3ECBD12F1C6C4EA60075C5C7 /* Build configuration list for PBXNativeTarget "Twitter" */;
			buildPhases = (
				92F9B4F10932F223B81B8F6D /* Check Pods Manifest.lock */,
				3ECBD1191C6C4EA60075C5C7 /* Sources */,
				3ECBD11A1C6C4EA60075C5C7 /* Frameworks */,
				3ECBD11B1C6C4EA60075C5C7 /* Resources */,
				02F563D30E7076EFC8D8D71A /* Embed Pods Frameworks */,
				282A802F3CE68DC2BF72333D /* Copy Pods Resources */,
			);
			buildRules = (
			);
			dependencies = (
			);
			name = Twitter;
			productName = Twitter;
			productReference = 3ECBD11D1C6C4EA60075C5C7 /* Twitter.app */;
			productType = "com.apple.product-type.application";
		};
/* End PBXNativeTarget section */

/* Begin PBXProject section */
		3ECBD1151C6C4EA60075C5C7 /* Project object */ = {
			isa = PBXProject;
			attributes = {
				LastSwiftUpdateCheck = 0720;
				LastUpgradeCheck = 0720;
				ORGANIZATIONNAME = "Dustyn August";
				TargetAttributes = {
					3ECBD11C1C6C4EA60075C5C7 = {
						CreatedOnToolsVersion = 7.2.1;
						DevelopmentTeam = QCQ5GVBW7F;
					};
				};
			};
			buildConfigurationList = 3ECBD1181C6C4EA60075C5C7 /* Build configuration list for PBXProject "Twitter" */;
			compatibilityVersion = "Xcode 3.2";
			developmentRegion = English;
			hasScannedForEncodings = 0;
			knownRegions = (
				en,
				Base,
			);
			mainGroup = 3ECBD1141C6C4EA60075C5C7;
			productRefGroup = 3ECBD11E1C6C4EA60075C5C7 /* Products */;
			projectDirPath = "";
			projectRoot = "";
			targets = (
				3ECBD11C1C6C4EA60075C5C7 /* Twitter */,
			);
		};
/* End PBXProject section */

/* Begin PBXResourcesBuildPhase section */
		3ECBD11B1C6C4EA60075C5C7 /* Resources */ = {
			isa = PBXResourcesBuildPhase;
			buildActionMask = 2147483647;
			files = (
				3ECBD12B1C6C4EA60075C5C7 /* LaunchScreen.storyboard in Resources */,
				3ECBD1281C6C4EA60075C5C7 /* Assets.xcassets in Resources */,
				3ECBD1261C6C4EA60075C5C7 /* Main.storyboard in Resources */,
			);
			runOnlyForDeploymentPostprocessing = 0;
		};
/* End PBXResourcesBuildPhase section */

/* Begin PBXShellScriptBuildPhase section */
		02F563D30E7076EFC8D8D71A /* Embed Pods Frameworks */ = {
			isa = PBXShellScriptBuildPhase;
			buildActionMask = 2147483647;
			files = (
			);
			inputPaths = (
			);
			name = "Embed Pods Frameworks";
			outputPaths = (
			);
			runOnlyForDeploymentPostprocessing = 0;
			shellPath = /bin/sh;
			shellScript = "\"${SRCROOT}/Pods/Target Support Files/Pods/Pods-frameworks.sh\"\n";
			showEnvVarsInLog = 0;
		};
		282A802F3CE68DC2BF72333D /* Copy Pods Resources */ = {
			isa = PBXShellScriptBuildPhase;
			buildActionMask = 2147483647;
			files = (
			);
			inputPaths = (
			);
			name = "Copy Pods Resources";
			outputPaths = (
			);
			runOnlyForDeploymentPostprocessing = 0;
			shellPath = /bin/sh;
			shellScript = "\"${SRCROOT}/Pods/Target Support Files/Pods/Pods-resources.sh\"\n";
			showEnvVarsInLog = 0;
		};
		92F9B4F10932F223B81B8F6D /* Check Pods Manifest.lock */ = {
			isa = PBXShellScriptBuildPhase;
			buildActionMask = 2147483647;
			files = (
			);
			inputPaths = (
			);
			name = "Check Pods Manifest.lock";
			outputPaths = (
			);
			runOnlyForDeploymentPostprocessing = 0;
			shellPath = /bin/sh;
			shellScript = "diff \"${PODS_ROOT}/../Podfile.lock\" \"${PODS_ROOT}/Manifest.lock\" > /dev/null\nif [[ $? != 0 ]] ; then\n    cat << EOM\nerror: The sandbox is not in sync with the Podfile.lock. Run 'pod install' or update your CocoaPods installation.\nEOM\n    exit 1\nfi\n";
			showEnvVarsInLog = 0;
		};
/* End PBXShellScriptBuildPhase section */

/* Begin PBXSourcesBuildPhase section */
		3ECBD1191C6C4EA60075C5C7 /* Sources */ = {
			isa = PBXSourcesBuildPhase;
			buildActionMask = 2147483647;
			files = (
				3EDAACD61C7BEC85008DA270 /* ComposeTweetViewController.swift in Sources */,
				3E40F7641C6C5EE200E68F79 /* User.swift in Sources */,
				3E3BF51D1C6ECF27001F1382 /* TweetsTableViewCell.swift in Sources */,
				3E40F7661C6C5EEF00E68F79 /* Tweet.swift in Sources */,
				3E3BF51A1C6EB6A7001F1382 /* TweetsViewController.swift in Sources */,
				3EDAACD81C7BEFD8008DA270 /* ProfilePageViewController.swift in Sources */,
				3ECBD1231C6C4EA60075C5C7 /* ViewController.swift in Sources */,
				3E2F69FD1C76AEF500CF522E /* TweetDetailViewController.swift in Sources */,
				3E40F7611C6C4FAB00E68F79 /* TwitterClient.swift in Sources */,
				3ECBD1211C6C4EA60075C5C7 /* AppDelegate.swift in Sources */,
			);
			runOnlyForDeploymentPostprocessing = 0;
		};
/* End PBXSourcesBuildPhase section */

/* Begin PBXVariantGroup section */
		3ECBD1241C6C4EA60075C5C7 /* Main.storyboard */ = {
			isa = PBXVariantGroup;
			children = (
				3ECBD1251C6C4EA60075C5C7 /* Base */,
			);
			name = Main.storyboard;
			sourceTree = "<group>";
		};
		3ECBD1291C6C4EA60075C5C7 /* LaunchScreen.storyboard */ = {
			isa = PBXVariantGroup;
			children = (
				3ECBD12A1C6C4EA60075C5C7 /* Base */,
			);
			name = LaunchScreen.storyboard;
			sourceTree = "<group>";
		};
/* End PBXVariantGroup section */

/* Begin XCBuildConfiguration section */
		3ECBD12D1C6C4EA60075C5C7 /* Debug */ = {
			isa = XCBuildConfiguration;
			buildSettings = {
				ALWAYS_SEARCH_USER_PATHS = NO;
				CLANG_CXX_LANGUAGE_STANDARD = "gnu++0x";
				CLANG_CXX_LIBRARY = "libc++";
				CLANG_ENABLE_MODULES = YES;
				CLANG_ENABLE_OBJC_ARC = YES;
				CLANG_WARN_BOOL_CONVERSION = YES;
				CLANG_WARN_CONSTANT_CONVERSION = YES;
				CLANG_WARN_DIRECT_OBJC_ISA_USAGE = YES_ERROR;
				CLANG_WARN_EMPTY_BODY = YES;
				CLANG_WARN_ENUM_CONVERSION = YES;
				CLANG_WARN_INT_CONVERSION = YES;
				CLANG_WARN_OBJC_ROOT_CLASS = YES_ERROR;
				CLANG_WARN_UNREACHABLE_CODE = YES;
				CLANG_WARN__DUPLICATE_METHOD_MATCH = YES;
				"CODE_SIGN_IDENTITY[sdk=iphoneos*]" = "iPhone Developer";
				COPY_PHASE_STRIP = NO;
				DEBUG_INFORMATION_FORMAT = dwarf;
				ENABLE_STRICT_OBJC_MSGSEND = YES;
				ENABLE_TESTABILITY = YES;
				GCC_C_LANGUAGE_STANDARD = gnu99;
				GCC_DYNAMIC_NO_PIC = NO;
				GCC_NO_COMMON_BLOCKS = YES;
				GCC_OPTIMIZATION_LEVEL = 0;
				GCC_PREPROCESSOR_DEFINITIONS = (
					"DEBUG=1",
					"$(inherited)",
				);
				GCC_WARN_64_TO_32_BIT_CONVERSION = YES;
				GCC_WARN_ABOUT_RETURN_TYPE = YES_ERROR;
				GCC_WARN_UNDECLARED_SELECTOR = YES;
				GCC_WARN_UNINITIALIZED_AUTOS = YES_AGGRESSIVE;
				GCC_WARN_UNUSED_FUNCTION = YES;
				GCC_WARN_UNUSED_VARIABLE = YES;
				IPHONEOS_DEPLOYMENT_TARGET = 9.2;
				MTL_ENABLE_DEBUG_INFO = YES;
				ONLY_ACTIVE_ARCH = YES;
				SDKROOT = iphoneos;
				SWIFT_OPTIMIZATION_LEVEL = "-Onone";
				TARGETED_DEVICE_FAMILY = "1,2";
			};
			name = Debug;
		};
		3ECBD12E1C6C4EA60075C5C7 /* Release */ = {
			isa = XCBuildConfiguration;
			buildSettings = {
				ALWAYS_SEARCH_USER_PATHS = NO;
				CLANG_CXX_LANGUAGE_STANDARD = "gnu++0x";
				CLANG_CXX_LIBRARY = "libc++";
				CLANG_ENABLE_MODULES = YES;
				CLANG_ENABLE_OBJC_ARC = YES;
				CLANG_WARN_BOOL_CONVERSION = YES;
				CLANG_WARN_CONSTANT_CONVERSION = YES;
				CLANG_WARN_DIRECT_OBJC_ISA_USAGE = YES_ERROR;
				CLANG_WARN_EMPTY_BODY = YES;
				CLANG_WARN_ENUM_CONVERSION = YES;
				CLANG_WARN_INT_CONVERSION = YES;
				CLANG_WARN_OBJC_ROOT_CLASS = YES_ERROR;
				CLANG_WARN_UNREACHABLE_CODE = YES;
				CLANG_WARN__DUPLICATE_METHOD_MATCH = YES;
				"CODE_SIGN_IDENTITY[sdk=iphoneos*]" = "iPhone Developer";
				COPY_PHASE_STRIP = NO;
				DEBUG_INFORMATION_FORMAT = "dwarf-with-dsym";
				ENABLE_NS_ASSERTIONS = NO;
				ENABLE_STRICT_OBJC_MSGSEND = YES;
				GCC_C_LANGUAGE_STANDARD = gnu99;
				GCC_NO_COMMON_BLOCKS = YES;
				GCC_WARN_64_TO_32_BIT_CONVERSION = YES;
				GCC_WARN_ABOUT_RETURN_TYPE = YES_ERROR;
				GCC_WARN_UNDECLARED_SELECTOR = YES;
				GCC_WARN_UNINITIALIZED_AUTOS = YES_AGGRESSIVE;
				GCC_WARN_UNUSED_FUNCTION = YES;
				GCC_WARN_UNUSED_VARIABLE = YES;
				IPHONEOS_DEPLOYMENT_TARGET = 9.2;
				MTL_ENABLE_DEBUG_INFO = NO;
				SDKROOT = iphoneos;
				TARGETED_DEVICE_FAMILY = "1,2";
				VALIDATE_PRODUCT = YES;
			};
			name = Release;
		};
		3ECBD1301C6C4EA60075C5C7 /* Debug */ = {
			isa = XCBuildConfiguration;
			baseConfigurationReference = 11ACE704EEA5698CCD86D529 /* Pods.debug.xcconfig */;
			buildSettings = {
				ASSETCATALOG_COMPILER_APPICON_NAME = AppIcon;
				CODE_SIGN_IDENTITY = "iPhone Developer";
				"CODE_SIGN_IDENTITY[sdk=iphoneos*]" = "iPhone Developer";
				INFOPLIST_FILE = Twitter/Info.plist;
				LD_RUNPATH_SEARCH_PATHS = "$(inherited) @executable_path/Frameworks";
				PRODUCT_BUNDLE_IDENTIFIER = com.codepath.ccsf.Twitter;
				PRODUCT_NAME = "$(TARGET_NAME)";
				PROVISIONING_PROFILE = "";
			};
			name = Debug;
		};
		3ECBD1311C6C4EA60075C5C7 /* Release */ = {
			isa = XCBuildConfiguration;
			baseConfigurationReference = C267F675F53EBBF9AB0EAE4D /* Pods.release.xcconfig */;
			buildSettings = {
				ASSETCATALOG_COMPILER_APPICON_NAME = AppIcon;
				CODE_SIGN_IDENTITY = "iPhone Developer";
				"CODE_SIGN_IDENTITY[sdk=iphoneos*]" = "iPhone Developer";
				INFOPLIST_FILE = Twitter/Info.plist;
				LD_RUNPATH_SEARCH_PATHS = "$(inherited) @executable_path/Frameworks";
				PRODUCT_BUNDLE_IDENTIFIER = com.codepath.ccsf.Twitter;
				PRODUCT_NAME = "$(TARGET_NAME)";
				PROVISIONING_PROFILE = "";
			};
			name = Release;
		};
/* End XCBuildConfiguration section */

/* Begin XCConfigurationList section */
		3ECBD1181C6C4EA60075C5C7 /* Build configuration list for PBXProject "Twitter" */ = {
			isa = XCConfigurationList;
			buildConfigurations = (
				3ECBD12D1C6C4EA60075C5C7 /* Debug */,
				3ECBD12E1C6C4EA60075C5C7 /* Release */,
			);
			defaultConfigurationIsVisible = 0;
			defaultConfigurationName = Release;
		};
		3ECBD12F1C6C4EA60075C5C7 /* Build configuration list for PBXNativeTarget "Twitter" */ = {
			isa = XCConfigurationList;
			buildConfigurations = (
				3ECBD1301C6C4EA60075C5C7 /* Debug */,
				3ECBD1311C6C4EA60075C5C7 /* Release */,
			);
			defaultConfigurationIsVisible = 0;
			defaultConfigurationName = Release;
		};
/* End XCConfigurationList section */
	};
	rootObject = 3ECBD1151C6C4EA60075C5C7 /* Project object */;
}
